
Microsoft Visual Studio Solution File, Format Version 12.00
# Visual Studio 15
VisualStudioVersion = 15.0.27130.2036
MinimumVisualStudioVersion = 10.0.40219.1
Project("{FAE04EC0-301F-11D3-BF4B-00C04F79EFBC}") = "EncryptingViaMD5", "EncryptingViaMD5\EncryptingViaMD5.csproj", "{B0395B09-2C0D-4CCD-812C-C7C4D127FD81}"
EndProject
Global
	GlobalSection(SolutionConfigurationPlatforms) = preSolution
		Debug|Any CPU = Debug|Any CPU
		Release|Any CPU = Release|Any CPU
	EndGlobalSection
	GlobalSection(ProjectConfigurationPlatforms) = postSolution
		{B0395B09-2C0D-4CCD-812C-C7C4D127FD81}.Debug|Any CPU.ActiveCfg = Debug|Any CPU
		{B0395B09-2C0D-4CCD-812C-C7C4D127FD81}.Debug|Any CPU.Build.0 = Debug|Any CPU
		{B0395B09-2C0D-4CCD-812C-C7C4D127FD81}.Release|Any CPU.ActiveCfg = Release|Any CPU
		{B0395B09-2C0D-4CCD-812C-C7C4D127FD81}.Release|Any CPU.Build.0 = Release|Any CPU
	EndGlobalSection
	GlobalSection(SolutionProperties) = preSolution
		HideSolutionNode = FALSE
	EndGlobalSection
	GlobalSection(ExtensibilityGlobals) = postSolution
		SolutionGuid = {20CD951D-B610-4A56-B8E8-5AB3AB8EF0C0}
	EndGlobalSection
EndGlobal
